
Microsoft Visual Studio Solution File, Format Version 12.00
# Visual Studio Version 16
VisualStudioVersion = 16.0.30320.27
MinimumVisualStudioVersion = 10.0.40219.1
Project("{FAE04EC0-301F-11D3-BF4B-00C04F79EFBC}") = "Iglesiaform", "Iglesiaform\Iglesiaform.csproj", "{90B53CFF-5E31-4EB8-BB8E-B4710CAA987E}"
EndProject
Project("{2150E333-8FDC-42A3-9474-1A3956D46DE8}") = "Solution Items", "Solution Items", "{F6297B9C-BD06-4AE5-95B0-E2EF9D6F0588}"
EndProject
Project("{FAE04EC0-301F-11D3-BF4B-00C04F79EFBC}") = "CapaDatos", "CapaDatos\CapaDatos.csproj", "{08AF291C-A314-4A52-90EE-CA79A8DC118A}"
EndProject
Project("{FAE04EC0-301F-11D3-BF4B-00C04F79EFBC}") = "capanegocios", "capanegocios\capanegocios.csproj", "{63B2DF36-49CB-428F-ABF3-8B40F1B62EF6}"
EndProject
Global
	GlobalSection(SolutionConfigurationPlatforms) = preSolution
		Debug|Any CPU = Debug|Any CPU
		Release|Any CPU = Release|Any CPU
	EndGlobalSection
	GlobalSection(ProjectConfigurationPlatforms) = postSolution
		{90B53CFF-5E31-4EB8-BB8E-B4710CAA987E}.Debug|Any CPU.ActiveCfg = Debug|Any CPU
		{90B53CFF-5E31-4EB8-BB8E-B4710CAA987E}.Debug|Any CPU.Build.0 = Debug|Any CPU
		{90B53CFF-5E31-4EB8-BB8E-B4710CAA987E}.Release|Any CPU.ActiveCfg = Release|Any CPU
		{90B53CFF-5E31-4EB8-BB8E-B4710CAA987E}.Release|Any CPU.Build.0 = Release|Any CPU
		{08AF291C-A314-4A52-90EE-CA79A8DC118A}.Debug|Any CPU.ActiveCfg = Debug|Any CPU
		{08AF291C-A314-4A52-90EE-CA79A8DC118A}.Debug|Any CPU.Build.0 = Debug|Any CPU
		{08AF291C-A314-4A52-90EE-CA79A8DC118A}.Release|Any CPU.ActiveCfg = Release|Any CPU
		{08AF291C-A314-4A52-90EE-CA79A8DC118A}.Release|Any CPU.Build.0 = Release|Any CPU
		{63B2DF36-49CB-428F-ABF3-8B40F1B62EF6}.Debug|Any CPU.ActiveCfg = Debug|Any CPU
		{63B2DF36-49CB-428F-ABF3-8B40F1B62EF6}.Debug|Any CPU.Build.0 = Debug|Any CPU
		{63B2DF36-49CB-428F-ABF3-8B40F1B62EF6}.Release|Any CPU.ActiveCfg = Release|Any CPU
		{63B2DF36-49CB-428F-ABF3-8B40F1B62EF6}.Release|Any CPU.Build.0 = Release|Any CPU
	EndGlobalSection
	GlobalSection(SolutionProperties) = preSolution
		HideSolutionNode = FALSE
	EndGlobalSection
	GlobalSection(ExtensibilityGlobals) = postSolution
		SolutionGuid = {A0B7EF50-BB75-4ECB-AFA9-E7B8F7F79E2F}
	EndGlobalSection
EndGlobal
